# Code generated by scarb DO NOT EDIT.
version = 1

[[package]]
name = "alexandria_storage"
version = "0.3.0"
source = "git+https://github.com/keep-starknet-strange/alexandria.git?rev=c6e777e63bc1eb72413058754b5a3bfcba000d44#c6e777e63bc1eb72413058754b5a3bfcba000d44"

[[package]]
name = "openzeppelin"
version = "0.10.0"
source = "git+https://github.com/OpenZeppelin/cairo-contracts.git?tag=v0.10.0#d77082732daab2690ba50742ea41080eb23299d3"

[[package]]
name = "snforge_std"
version = "0.16.0"
source = "git+https://github.com/foundry-rs/starknet-foundry?tag=v0.16.0#f58e0ab42b6095b7d0cb841ede595aecbc9cb45d"

[[package]]
name = "token_bundler"
version = "0.1.0"
dependencies = [
 "alexandria_storage",
 "openzeppelin",
 "snforge_std",
]
